PODS:
  - ChameleonFramework/Default (2.0.6)
  - ChameleonFramework/Swift (2.0.6):
    - ChameleonFramework/Default
  - Siesta (1.0-beta.4):
    - Siesta/Core (= 1.0-beta.4)
  - Siesta/Core (1.0-beta.4)

DEPENDENCIES:
  - ChameleonFramework/Swift
  - Siesta (>= 1.0-beta.4)

SPEC CHECKSUMS:
  ChameleonFramework: a6b466873ff9a4ce3a5196c20bccf1a97ad9f446
  Siesta: 4bda1f6e7e0431b64bdfe9d3f902c34d90822c27

COCOAPODS: 0.39.0
